{
	"_OFProjectGeneratorVersion": "0.104.0",
	"archiveVersion": "1",
	"classes": {},
	"objectVersion": "54",
	"objects": {
		"06294121-ED8D-42AB-B11C-04F354BF1A97": {
			"fileRef": "08DAE796-D5F1-4A9B-B726-4F4FD805388E",
			"isa": "PBXBuildFile"
		},
		"08DAE796-D5F1-4A9B-B726-4F4FD805388E": {
			"fileEncoding": "4",
			"isa": "PBXFileReference",
			"lastKnownFileType": "sourcecode.cpp.cpp",
			"name": "ofxGuiGroup.cpp",
			"sourceTree": "<group>"
		},
		"09286248-43CF-420C-AF10-1420D652F237": {
			"fileEncoding": "4",
			"isa": "PBXFileReference",
			"lastKnownFileType": "sourcecode.cpp.cpp",
			"name": "ofxInputField.cpp",
			"sourceTree": "<group>"
		},
		"0EC57CE2-4797-4C4A-AAC1-BDA99E3C1075": {
			"fileEncoding": "4",
			"isa": "PBXFileReference",
			"lastKnownFileType": "sourcecode.cpp.h",
			"name": "ofxFFmpegRecorder.h",
			"sourceTree": "<group>"
		},
		"191CD6FA2847E21E0085CBB6": {
			"fileEncoding": "4",
			"isa": "PBXFileReference",
			"lastKnownFileType": "text.plist.entitlements",
			"path": "of.entitlements",
			"sourceTree": "<group>"
		},
		"191EF70929D778A400F35F26": {
			"isa": "PBXFileReference",
			"lastKnownFileType": "folder",
			"name": "openFrameworks",
			"path": "../../../libs/openFrameworks",
			"sourceTree": "SOURCE_ROOT"
		},
		"19B789C429E5AB4A0082E9B8": {
			"alwaysOutOfDate": "1",
			"buildActionMask": "2147483647",
			"files": [],
			"inputFileListPaths": [],
			"inputPaths": [],
			"isa": "PBXShellScriptBuildPhase",
			"outputFileListPaths": [],
			"outputPaths": [],
			"runOnlyForDeploymentPostprocessing": "0",
			"shellPath": "/bin/sh",
			"shellScript": "\"$OF_PATH/scripts/osx/xcode_project.sh\"\n",
			"showEnvVarsInLog": "0"
		},
		"326641AB-92F2-4680-BF80-9643CC9DA970": {
			"fileRef": "7F7BE71C-9FB7-494B-8117-AB5BD98B7560",
			"isa": "PBXBuildFile"
		},
		"36DE131F-22B6-4050-A150-973D1CCAB290": {
			"fileEncoding": "4",
			"isa": "PBXFileReference",
			"lastKnownFileType": "sourcecode.cpp.h",
			"name": "ofxGuiGroup.h",
			"sourceTree": "<group>"
		},
		"3E60F218-0CF5-4656-872E-8ADA96A4FF2A": {
			"fileEncoding": "4",
			"isa": "PBXFileReference",
			"lastKnownFileType": "sourcecode.cpp.cpp",
			"name": "ofxLabel.cpp",
			"sourceTree": "<group>"
		},
		"40325F18-B269-4683-B84B-97E97B7171CA": {
			"fileRef": "9C654F94-6DFF-4365-AA16-8B07FD61FBF1",
			"isa": "PBXBuildFile"
		},
		"4BB9FCE4-FF58-462F-ACBF-DFF8553486C6": {
			"fileEncoding": "4",
			"isa": "PBXFileReference",
			"lastKnownFileType": "sourcecode.cpp.cpp",
			"name": "ofxPanel.cpp",
			"sourceTree": "<group>"
		},
		"69C0573D-A4F9-4CEB-91AD-C2D6817709DA": {
			"fileRef": "09286248-43CF-420C-AF10-1420D652F237",
			"isa": "PBXBuildFile"
		},
		"729990C4-7DEE-4288-AEE3-568960C9DE21": {
			"fileEncoding": "4",
			"isa": "PBXFileReference",
			"lastKnownFileType": "folder",
			"name": "data",
			"path": "bin/data",
			"sourceTree": "SOURCE_ROOT"
		},
		"74E56868-D17D-4D8F-8DFB-548C763894B3": {
			"children": [
				"802F1DC1-8580-476C-AD24-D95826DBE547",
				"8415112B-AC2A-489D-9C69-DAD0219A4D94",
				"7F7BE71C-9FB7-494B-8117-AB5BD98B7560",
				"E894D06C-6531-4948-9AFC-B913FE3EB456",
				"EE35CEA8-95E2-4D94-9297-0E1B529D75AE",
				"791D8916-362A-44E1-A5B9-DFAE213E7823",
				"86CF3857-93DC-4AA6-B785-AC5FA76DCAA8",
				"08DAE796-D5F1-4A9B-B726-4F4FD805388E",
				"36DE131F-22B6-4050-A150-973D1CCAB290",
				"771A6EB5-8447-4865-9814-95D963724D49",
				"09286248-43CF-420C-AF10-1420D652F237",
				"A54DFFA0-CA06-4EF9-866E-A5ADCF870FA7",
				"3E60F218-0CF5-4656-872E-8ADA96A4FF2A",
				"E26D0D13-3643-4E18-B13B-FACD6F0B5AE0",
				"4BB9FCE4-FF58-462F-ACBF-DFF8553486C6",
				"8AB6AB9D-FBDB-42E6-A04E-D428D7FA2513",
				"E51036DB-07F1-4C1A-8F94-3A271B6F3E7E",
				"8076EC41-4E09-42E9-8A57-424EDB817C8E",
				"7F8164B2-231D-4824-A1B7-5DEF89712D39",
				"AF583F22-CE13-4F95-8950-1EE4779A862D",
				"9C654F94-6DFF-4365-AA16-8B07FD61FBF1",
				"C15C44E9-1AB7-41BC-94D4-CE97455AEFC0"
			],
			"isa": "PBXGroup",
			"name": "src",
			"path": "src",
			"sourceTree": "<group>"
		},
		"75FD108E-A3DC-4001-BD46-729335B016DA": {
			"children": [
				"9C70156E-1844-483E-9A8C-EB59937F1E4C",
				"0EC57CE2-4797-4C4A-AAC1-BDA99E3C1075"
			],
			"isa": "PBXGroup",
			"name": "src",
			"path": "src",
			"sourceTree": "<group>"
		},
		"771A6EB5-8447-4865-9814-95D963724D49": {
			"fileEncoding": "4",
			"isa": "PBXFileReference",
			"lastKnownFileType": "sourcecode.cpp.h",
			"name": "ofxGuiUtils.h",
			"sourceTree": "<group>"
		},
		"791D8916-362A-44E1-A5B9-DFAE213E7823": {
			"fileEncoding": "4",
			"isa": "PBXFileReference",
			"lastKnownFileType": "sourcecode.cpp.h",
			"name": "ofxColorPicker.h",
			"sourceTree": "<group>"
		},
		"7F7BE71C-9FB7-494B-8117-AB5BD98B7560": {
			"fileEncoding": "4",
			"isa": "PBXFileReference",
			"lastKnownFileType": "sourcecode.cpp.cpp",
			"name": "ofxButton.cpp",
			"sourceTree": "<group>"
		},
		"7F8164B2-231D-4824-A1B7-5DEF89712D39": {
			"fileEncoding": "4",
			"isa": "PBXFileReference",
			"lastKnownFileType": "sourcecode.cpp.cpp",
			"name": "ofxSliderGroup.cpp",
			"sourceTree": "<group>"
		},
		"802F1DC1-8580-476C-AD24-D95826DBE547": {
			"fileEncoding": "4",
			"isa": "PBXFileReference",
			"lastKnownFileType": "sourcecode.cpp.cpp",
			"name": "ofxBaseGui.cpp",
			"sourceTree": "<group>"
		},
		"8076EC41-4E09-42E9-8A57-424EDB817C8E": {
			"fileEncoding": "4",
			"isa": "PBXFileReference",
			"lastKnownFileType": "sourcecode.cpp.h",
			"name": "ofxSlider.h",
			"sourceTree": "<group>"
		},
		"82697BED-19D7-4C03-B72F-E771D4C35FCE": {
			"fileRef": "3E60F218-0CF5-4656-872E-8ADA96A4FF2A",
			"isa": "PBXBuildFile"
		},
		"82AA1C36-E2EF-4441-A1E5-5EBA0017D12C": {
			"children": [
				"75FD108E-A3DC-4001-BD46-729335B016DA"
			],
			"isa": "PBXGroup",
			"name": "ofxFFmpegRecorder",
			"path": "ofxFFmpegRecorder",
			"sourceTree": "<group>"
		},
		"8415112B-AC2A-489D-9C69-DAD0219A4D94": {
			"fileEncoding": "4",
			"isa": "PBXFileReference",
			"lastKnownFileType": "sourcecode.cpp.h",
			"name": "ofxBaseGui.h",
			"sourceTree": "<group>"
		},
		"86CF3857-93DC-4AA6-B785-AC5FA76DCAA8": {
			"fileEncoding": "4",
			"isa": "PBXFileReference",
			"lastKnownFileType": "sourcecode.cpp.h",
			"name": "ofxGui.h",
			"sourceTree": "<group>"
		},
		"8AB6AB9D-FBDB-42E6-A04E-D428D7FA2513": {
			"fileEncoding": "4",
			"isa": "PBXFileReference",
			"lastKnownFileType": "sourcecode.cpp.h",
			"name": "ofxPanel.h",
			"sourceTree": "<group>"
		},
		"9C654F94-6DFF-4365-AA16-8B07FD61FBF1": {
			"fileEncoding": "4",
			"isa": "PBXFileReference",
			"lastKnownFileType": "sourcecode.cpp.cpp",
			"name": "ofxToggle.cpp",
			"sourceTree": "<group>"
		},
		"9C70156E-1844-483E-9A8C-EB59937F1E4C": {
			"fileEncoding": "4",
			"isa": "PBXFileReference",
			"lastKnownFileType": "sourcecode.cpp.cpp",
			"name": "ofxFFmpegRecorder.cpp",
			"sourceTree": "<group>"
		},
		"A2E1998A-E3DA-43A6-88E7-E5699E5F5267": {
			"fileRef": "9C70156E-1844-483E-9A8C-EB59937F1E4C",
			"isa": "PBXBuildFile"
		},
		"A54DFFA0-CA06-4EF9-866E-A5ADCF870FA7": {
			"fileEncoding": "4",
			"isa": "PBXFileReference",
			"lastKnownFileType": "sourcecode.cpp.h",
			"name": "ofxInputField.h",
			"sourceTree": "<group>"
		},
		"AF4C1424-37B7-47FB-A288-4A1D1906859E": {
			"fileRef": "7F8164B2-231D-4824-A1B7-5DEF89712D39",
			"isa": "PBXBuildFile"
		},
		"AF583F22-CE13-4F95-8950-1EE4779A862D": {
			"fileEncoding": "4",
			"isa": "PBXFileReference",
			"lastKnownFileType": "sourcecode.cpp.h",
			"name": "ofxSliderGroup.h",
			"sourceTree": "<group>"
		},
		"BB4B014C10F69532006C3DED": {
			"children": [
				"82AA1C36-E2EF-4441-A1E5-5EBA0017D12C",
				"E98B70E2-A83F-4B5A-849F-78A7D349823F"
			],
			"isa": "PBXGroup",
			"name": "addons",
			"path": "../../../addons",
			"sourceTree": "SOURCE_ROOT"
		},
		"C15C44E9-1AB7-41BC-94D4-CE97455AEFC0": {
			"fileEncoding": "4",
			"isa": "PBXFileReference",
			"lastKnownFileType": "sourcecode.cpp.h",
			"name": "ofxToggle.h",
			"sourceTree": "<group>"
		},
		"D7EE3627-722D-4FD6-ACAB-FB9476FDAD96": {
			"fileRef": "4BB9FCE4-FF58-462F-ACBF-DFF8553486C6",
			"isa": "PBXBuildFile"
		},
		"DBD2BC8D-918B-42C2-BAC9-B9C280A13EB7": {
			"fileRef": "EE35CEA8-95E2-4D94-9297-0E1B529D75AE",
			"isa": "PBXBuildFile"
		},
		"DCDFF12A-0870-4850-AB03-A88E83FA6E2A": {
			"fileRef": "E51036DB-07F1-4C1A-8F94-3A271B6F3E7E",
			"isa": "PBXBuildFile"
		},
		"E26D0D13-3643-4E18-B13B-FACD6F0B5AE0": {
			"fileEncoding": "4",
			"isa": "PBXFileReference",
			"lastKnownFileType": "sourcecode.cpp.h",
			"name": "ofxLabel.h",
			"sourceTree": "<group>"
		},
		"E42962A92163ECCD00A6A9E2": {
			"alwaysOutOfDate": "1",
			"buildActionMask": "2147483647",
			"files": [],
			"inputPaths": [],
			"isa": "PBXShellScriptBuildPhase",
			"name": "Run Script — Compile OF",
			"outputPaths": [],
			"runOnlyForDeploymentPostprocessing": "0",
			"shellPath": "/bin/sh",
			"shellScript": "$OF_CORE_BUILD_COMMAND\n",
			"showEnvVarsInLog": "0"
		},
		"E4A5B60F29BAAAE400C2D356": {
			"buildActionMask": "2147483647",
			"dstPath": "",
			"dstSubfolderSpec": "6",
			"files": [],
			"isa": "PBXCopyFilesBuildPhase",
			"runOnlyForDeploymentPostprocessing": "0"
		},
		"E4B69B4A0A3A1720003C02F2": {
			"children": [
				"191CD6FA2847E21E0085CBB6",
				"E4B6FCAD0C3E899E008CF71C",
				"E4EB6923138AFD0F00A09F29",
				"E4B69E1C0A3A1BDC003C02F2",
				"191EF70929D778A400F35F26",
				"BB4B014C10F69532006C3DED",
				"E4B69B5B0A3A1756003C02F2",
				"729990C4-7DEE-4288-AEE3-568960C9DE21"
			],
			"isa": "PBXGroup",
			"sourceTree": "<group>"
		},
		"E4B69B4C0A3A1720003C02F2": {
			"attributes": {
				"BuildIndependentTargetsInParallel": "YES",
				"LastUpgradeCheck": "1540"
			},
			"buildConfigurationList": "E4B69B4D0A3A1720003C02F2",
			"compatibilityVersion": "Xcode 3.2",
			"developmentRegion": "en",
			"hasScannedForEncodings": "0",
			"isa": "PBXProject",
			"knownRegions": [
				"en",
				"Base"
			],
			"mainGroup": "E4B69B4A0A3A1720003C02F2",
			"productRefGroup": "E4B69B4A0A3A1720003C02F2",
			"projectDirPath": "",
			"projectRoot": "",
			"targets": [
				"E4B69B5A0A3A1756003C02F2"
			]
		},
		"E4B69B4D0A3A1720003C02F2": {
			"buildConfigurations": [
				"E4B69B4E0A3A1720003C02F2",
				"E4B69B4F0A3A1720003C02F2"
			],
			"defaultConfigurationIsVisible": "0",
			"defaultConfigurationName": "Release",
			"isa": "XCConfigurationList"
		},
		"E4B69B4E0A3A1720003C02F2": {
			"baseConfigurationReference": "E4EB6923138AFD0F00A09F29",
			"buildSettings": {
				"CODE_SIGN_ENTITLEMENTS": "of.entitlements",
				"COPY_PHASE_STRIP": "NO",
				"ENABLE_TESTABILITY": "YES",
				"GCC_OPTIMIZATION_LEVEL": "0",
				"GCC_WARN_UNUSED_VARIABLE": "NO",
				"HEADER_SEARCH_PATHS": [
					"$(OF_CORE_HEADERS)",
					"src"
				],
				"OTHER_CPLUSPLUSFLAGS": "-D__MACOSX_CORE__"
			},
			"isa": "XCBuildConfiguration",
			"name": "Debug"
		},
		"E4B69B4F0A3A1720003C02F2": {
			"baseConfigurationReference": "E4EB6923138AFD0F00A09F29",
			"buildSettings": {
				"CODE_SIGN_ENTITLEMENTS": "of.entitlements",
				"COPY_PHASE_STRIP": "YES",
				"GCC_OPTIMIZATION_LEVEL": "3",
				"GCC_UNROLL_LOOPS": "YES",
				"HEADER_SEARCH_PATHS": [
					"$(OF_CORE_HEADERS)",
					"src"
				],
				"OTHER_CPLUSPLUSFLAGS": "-D__MACOSX_CORE__"
			},
			"isa": "XCBuildConfiguration",
			"name": "Release"
		},
		"E4B69B580A3A1756003C02F2": {
			"buildActionMask": "2147483647",
			"files": [
				"E4B69E200A3A1BDC003C02F2",
				"E4B69E210A3A1BDC003C02F2",
				"A2E1998A-E3DA-43A6-88E7-E5699E5F5267",
				"F8DE6528-1BB2-44FA-9D94-DD2B47049DC0",
				"326641AB-92F2-4680-BF80-9643CC9DA970",
				"DBD2BC8D-918B-42C2-BAC9-B9C280A13EB7",
				"06294121-ED8D-42AB-B11C-04F354BF1A97",
				"69C0573D-A4F9-4CEB-91AD-C2D6817709DA",
				"82697BED-19D7-4C03-B72F-E771D4C35FCE",
				"D7EE3627-722D-4FD6-ACAB-FB9476FDAD96",
				"DCDFF12A-0870-4850-AB03-A88E83FA6E2A",
				"AF4C1424-37B7-47FB-A288-4A1D1906859E",
				"40325F18-B269-4683-B84B-97E97B7171CA"
			],
			"isa": "PBXSourcesBuildPhase",
			"runOnlyForDeploymentPostprocessing": "0"
		},
		"E4B69B590A3A1756003C02F2": {
			"buildActionMask": "2147483647",
			"files": [],
			"isa": "PBXFrameworksBuildPhase",
			"runOnlyForDeploymentPostprocessing": "0"
		},
		"E4B69B5A0A3A1756003C02F2": {
			"buildConfigurationList": "E4B69B5F0A3A1757003C02F2",
			"buildPhases": [
				"E42962A92163ECCD00A6A9E2",
				"E4B69B580A3A1756003C02F2",
				"E4B69B590A3A1756003C02F2",
				"E4C2427710CC5ABF004149E2",
				"E4A5B60F29BAAAE400C2D356",
				"19B789C429E5AB4A0082E9B8"
			],
			"buildRules": [],
			"dependencies": [],
			"isa": "PBXNativeTarget",
			"name": "asciiVideo",
			"productName": "myOFApp",
			"productReference": "E4B69B5B0A3A1756003C02F2",
			"productType": "com.apple.product-type.application"
		},
		"E4B69B5B0A3A1756003C02F2": {
			"explicitFileType": "wrapper.application",
			"includeInIndex": "0",
			"isa": "PBXFileReference",
			"path": "asciiVideoDebug.app",
			"sourceTree": "BUILT_PRODUCTS_DIR"
		},
		"E4B69B5F0A3A1757003C02F2": {
			"buildConfigurations": [
				"E4B69B600A3A1757003C02F2",
				"E4B69B610A3A1757003C02F2"
			],
			"defaultConfigurationIsVisible": "0",
			"defaultConfigurationName": "Release",
			"isa": "XCConfigurationList"
		},
		"E4B69B600A3A1757003C02F2": {
			"baseConfigurationReference": "E4EB6923138AFD0F00A09F29",
			"buildSettings": {
				"ARCHS": "$(ARCHS_STANDARD)",
				"COPY_PHASE_STRIP": "NO",
				"FRAMEWORK_SEARCH_PATHS": "$(inherited)",
				"GCC_DYNAMIC_NO_PIC": "NO",
				"HEADER_SEARCH_PATHS": [
					"$(OF_CORE_HEADERS)",
					"src",
					"src",
					"../../../addons/ofxFFmpegRecorder/libs",
					"../../../addons/ofxFFmpegRecorder/libs/ffmpeg",
					"../../../addons/ofxFFmpegRecorder/libs/ffmpeg/lib",
					"../../../addons/ofxFFmpegRecorder/libs/ffmpeg/lib/osx",
					"../../../addons/ofxFFmpegRecorder/src",
					"../../../addons/ofxGui/src"
				],
				"LIBRARY_SEARCH_PATHS": "$(inherited)",
				"OTHER_LDFLAGS": [
					"$(OF_CORE_LIBS)",
					"$(OF_CORE_FRAMEWORKS)",
					"$(LIB_OF_DEBUG)"
				]
			},
			"isa": "XCBuildConfiguration",
			"name": "Debug"
		},
		"E4B69B610A3A1757003C02F2": {
			"baseConfigurationReference": "E4EB6923138AFD0F00A09F29",
			"buildSettings": {
				"ARCHS": "$(ARCHS_STANDARD)",
				"COPY_PHASE_STRIP": "YES",
				"FRAMEWORK_SEARCH_PATHS": "$(inherited)",
				"HEADER_SEARCH_PATHS": [
					"$(OF_CORE_HEADERS)",
					"src",
					"src",
					"../../../addons/ofxFFmpegRecorder/libs",
					"../../../addons/ofxFFmpegRecorder/libs/ffmpeg",
					"../../../addons/ofxFFmpegRecorder/libs/ffmpeg/lib",
					"../../../addons/ofxFFmpegRecorder/libs/ffmpeg/lib/osx",
					"../../../addons/ofxFFmpegRecorder/src",
					"../../../addons/ofxGui/src"
				],
				"LIBRARY_SEARCH_PATHS": "$(inherited)",
				"OTHER_LDFLAGS": [
					"$(OF_CORE_LIBS)",
					"$(OF_CORE_FRAMEWORKS)",
					"$(LIB_OF_RELEASE)"
				],
				"baseConfigurationReference": "E4EB6923138AFD0F00A09F29"
			},
			"isa": "XCBuildConfiguration",
			"name": "Release"
		},
		"E4B69E1C0A3A1BDC003C02F2": {
			"children": [
				"E4B69E1D0A3A1BDC003C02F2",
				"E4B69E1E0A3A1BDC003C02F2",
				"E4B69E1F0A3A1BDC003C02F2"
			],
			"isa": "PBXGroup",
			"path": "src",
			"sourceTree": "SOURCE_ROOT"
		},
		"E4B69E1D0A3A1BDC003C02F2": {
			"fileEncoding": "4",
			"isa": "PBXFileReference",
			"lastKnownFileType": "sourcecode.cpp.cpp",
			"name": "main.cpp",
			"path": "src/main.cpp",
			"sourceTree": "SOURCE_ROOT"
		},
		"E4B69E1E0A3A1BDC003C02F2": {
			"explicitFileType": "sourcecode.cpp.cpp",
			"fileEncoding": "4",
			"isa": "PBXFileReference",
			"name": "ofApp.cpp",
			"path": "src/ofApp.cpp",
			"sourceTree": "SOURCE_ROOT"
		},
		"E4B69E1F0A3A1BDC003C02F2": {
			"fileEncoding": "4",
			"isa": "PBXFileReference",
			"lastKnownFileType": "sourcecode.c.h",
			"name": "ofApp.h",
			"path": "src/ofApp.h",
			"sourceTree": "SOURCE_ROOT"
		},
		"E4B69E200A3A1BDC003C02F2": {
			"fileRef": "E4B69E1D0A3A1BDC003C02F2",
			"isa": "PBXBuildFile"
		},
		"E4B69E210A3A1BDC003C02F2": {
			"fileRef": "E4B69E1E0A3A1BDC003C02F2",
			"isa": "PBXBuildFile"
		},
		"E4B6FCAD0C3E899E008CF71C": {
			"fileEncoding": "4",
			"isa": "PBXFileReference",
			"lastKnownFileType": "text.plist.xml",
			"path": "openFrameworks-Info.plist",
			"sourceTree": "<group>"
		},
		"E4C2427710CC5ABF004149E2": {
			"buildActionMask": "2147483647",
			"dstPath": "",
			"dstSubfolderSpec": "10",
			"files": [],
			"isa": "PBXCopyFilesBuildPhase",
			"runOnlyForDeploymentPostprocessing": "0"
		},
		"E4EB6923138AFD0F00A09F29": {
			"fileEncoding": "4",
			"isa": "PBXFileReference",
			"lastKnownFileType": "text.xcconfig",
			"path": "Project.xcconfig",
			"sourceTree": "<group>"
		},
		"E51036DB-07F1-4C1A-8F94-3A271B6F3E7E": {
			"fileEncoding": "4",
			"isa": "PBXFileReference",
			"lastKnownFileType": "sourcecode.cpp.cpp",
			"name": "ofxSlider.cpp",
			"sourceTree": "<group>"
		},
		"E894D06C-6531-4948-9AFC-B913FE3EB456": {
			"fileEncoding": "4",
			"isa": "PBXFileReference",
			"lastKnownFileType": "sourcecode.cpp.h",
			"name": "ofxButton.h",
			"sourceTree": "<group>"
		},
		"E98B70E2-A83F-4B5A-849F-78A7D349823F": {
			"children": [
				"74E56868-D17D-4D8F-8DFB-548C763894B3"
			],
			"isa": "PBXGroup",
			"name": "ofxGui",
			"path": "ofxGui",
			"sourceTree": "<group>"
		},
		"EE35CEA8-95E2-4D94-9297-0E1B529D75AE": {
			"fileEncoding": "4",
			"isa": "PBXFileReference",
			"lastKnownFileType": "sourcecode.cpp.cpp",
			"name": "ofxColorPicker.cpp",
			"sourceTree": "<group>"
		},
		"F8DE6528-1BB2-44FA-9D94-DD2B47049DC0": {
			"fileRef": "802F1DC1-8580-476C-AD24-D95826DBE547",
			"isa": "PBXBuildFile"
		}
	},
	"rootObject": "E4B69B4C0A3A1720003C02F2"
}