{
	"_OFProjectGeneratorVersion": "0.104.0",
	"archiveVersion": "1",
	"classes": {},
	"objectVersion": "54",
	"objects": {
		"014D23C9-1DBD-47A9-B63A-64618CED5521": {
			"fileRef": "D32B5786-A1FA-4505-B1AC-EF4C887DA1E8",
			"isa": "PBXBuildFile"
		},
		"094C7450-232E-4487-9454-24554D5C4FC1": {
			"fileEncoding": "4",
			"isa": "PBXFileReference",
			"lastKnownFileType": "sourcecode.cpp.cpp",
			"name": "ofxButton.cpp",
			"sourceTree": "<group>"
		},
		"0E20F601-935F-4A54-AD6C-8FE397CC8204": {
			"fileEncoding": "4",
			"isa": "PBXFileReference",
			"lastKnownFileType": "sourcecode.cpp.cpp",
			"name": "ofxColorPicker.cpp",
			"sourceTree": "<group>"
		},
		"13A4C1EB-B73C-4E35-956A-9B00AB91E673": {
			"fileEncoding": "4",
			"isa": "PBXFileReference",
			"lastKnownFileType": "sourcecode.cpp.h",
			"name": "ofxSliderGroup.h",
			"sourceTree": "<group>"
		},
		"191CD6FA2847E21E0085CBB6": {
			"fileEncoding": "4",
			"isa": "PBXFileReference",
			"lastKnownFileType": "text.plist.entitlements",
			"path": "of.entitlements",
			"sourceTree": "<group>"
		},
		"191EF70929D778A400F35F26": {
			"isa": "PBXFileReference",
			"lastKnownFileType": "folder",
			"name": "openFrameworks",
			"path": "../../../libs/openFrameworks",
			"sourceTree": "SOURCE_ROOT"
		},
		"19B789C429E5AB4A0082E9B8": {
			"alwaysOutOfDate": "1",
			"buildActionMask": "2147483647",
			"files": [],
			"inputFileListPaths": [],
			"inputPaths": [],
			"isa": "PBXShellScriptBuildPhase",
			"outputFileListPaths": [],
			"outputPaths": [],
			"runOnlyForDeploymentPostprocessing": "0",
			"shellPath": "/bin/sh",
			"shellScript": "\"$OF_PATH/scripts/osx/xcode_project.sh\"\n",
			"showEnvVarsInLog": "0"
		},
		"1AC1C28C-3371-48AB-AA83-58054FAAD1E9": {
			"fileEncoding": "4",
			"isa": "PBXFileReference",
			"lastKnownFileType": "sourcecode.cpp.cpp",
			"name": "ofxBaseGui.cpp",
			"sourceTree": "<group>"
		},
		"1C7042B0-46A9-45AD-8460-620138503992": {
			"fileEncoding": "4",
			"isa": "PBXFileReference",
			"lastKnownFileType": "sourcecode.cpp.cpp",
			"name": "ofxGuiGroup.cpp",
			"sourceTree": "<group>"
		},
		"2E593BC7-2CCA-410E-8FAB-869E38F033F4": {
			"fileEncoding": "4",
			"isa": "PBXFileReference",
			"lastKnownFileType": "sourcecode.cpp.h",
			"name": "ofxFFmpegRecorder.h",
			"sourceTree": "<group>"
		},
		"3470DC5F-4572-4125-9B71-6212FE340D3B": {
			"fileEncoding": "4",
			"isa": "PBXFileReference",
			"lastKnownFileType": "sourcecode.cpp.cpp",
			"name": "ofxSlider.cpp",
			"sourceTree": "<group>"
		},
		"3614B955-08F9-4CF0-98B0-FA6384BD5C68": {
			"fileEncoding": "4",
			"isa": "PBXFileReference",
			"lastKnownFileType": "sourcecode.cpp.h",
			"name": "NativeDialog.h",
			"sourceTree": "<group>"
		},
		"363E8A52-33DF-42DB-9DEC-A599E9728FB4": {
			"children": [
				"1AC1C28C-3371-48AB-AA83-58054FAAD1E9",
				"963D57E0-34CD-42ED-877D-B76201019694",
				"094C7450-232E-4487-9454-24554D5C4FC1",
				"E3EFEB8D-F33F-4154-9096-79CA5DFA56A4",
				"0E20F601-935F-4A54-AD6C-8FE397CC8204",
				"D7D3F74F-745A-419A-8A3D-3F525FC298C8",
				"F2784ABE-14D7-41D5-BEFB-0040BEB88C6F",
				"1C7042B0-46A9-45AD-8460-620138503992",
				"4DA57499-C301-4367-A9DB-D7E6800F405A",
				"F879E166-E4C2-49DB-ACB0-D263CF7D6B03",
				"D32B5786-A1FA-4505-B1AC-EF4C887DA1E8",
				"7DE09F96-202B-4D53-8DFA-6540326A85FD",
				"D4883CB6-6D5F-4011-90AA-27BE7CE84144",
				"758627E1-49E2-4F9A-A227-9F83CC4BFB48",
				"96E089EC-5EE9-4EA1-9D81-18F154E1C572",
				"5F361645-A983-44F0-800D-E20A085783C6",
				"3470DC5F-4572-4125-9B71-6212FE340D3B",
				"4A1D48D9-023C-4F65-B7B9-4FFCA131A4B8",
				"9D50117C-208E-4292-B462-FE584240DAB3",
				"13A4C1EB-B73C-4E35-956A-9B00AB91E673",
				"E6F5FA30-F428-429D-8DB7-CA849C4BC4FE",
				"838EB358-272F-433D-AEBB-29B3B853B9BE"
			],
			"isa": "PBXGroup",
			"name": "src",
			"path": "src",
			"sourceTree": "<group>"
		},
		"40AFC4FF-646F-4BB7-B45F-E5C1AD8BD5BE": {
			"fileRef": "D4883CB6-6D5F-4011-90AA-27BE7CE84144",
			"isa": "PBXBuildFile"
		},
		"4A1D48D9-023C-4F65-B7B9-4FFCA131A4B8": {
			"fileEncoding": "4",
			"isa": "PBXFileReference",
			"lastKnownFileType": "sourcecode.cpp.h",
			"name": "ofxSlider.h",
			"sourceTree": "<group>"
		},
		"4DA57499-C301-4367-A9DB-D7E6800F405A": {
			"fileEncoding": "4",
			"isa": "PBXFileReference",
			"lastKnownFileType": "sourcecode.cpp.h",
			"name": "ofxGuiGroup.h",
			"sourceTree": "<group>"
		},
		"51EEC20E-A8C2-4514-965A-CB539879720C": {
			"fileRef": "1C7042B0-46A9-45AD-8460-620138503992",
			"isa": "PBXBuildFile"
		},
		"5D291838-0662-447A-8D6A-95B5AA33901A": {
			"fileRef": "DD6AD86A-7A45-455C-9B8D-5B9AAEC50A50",
			"isa": "PBXBuildFile"
		},
		"5F361645-A983-44F0-800D-E20A085783C6": {
			"fileEncoding": "4",
			"isa": "PBXFileReference",
			"lastKnownFileType": "sourcecode.cpp.h",
			"name": "ofxPanel.h",
			"sourceTree": "<group>"
		},
		"66961331-AC02-4EE5-BF4A-6A428BE26474": {
			"fileEncoding": "4",
			"isa": "PBXFileReference",
			"lastKnownFileType": "sourcecode.cpp.objcpp",
			"name": "NativeDialog.mm",
			"sourceTree": "<group>"
		},
		"677947CD-059E-484A-9EBF-22F909C65F6D": {
			"fileRef": "9D50117C-208E-4292-B462-FE584240DAB3",
			"isa": "PBXBuildFile"
		},
		"720986DD-A658-4344-B01C-2931A32182F7": {
			"children": [
				"DD6AD86A-7A45-455C-9B8D-5B9AAEC50A50",
				"2E593BC7-2CCA-410E-8FAB-869E38F033F4"
			],
			"isa": "PBXGroup",
			"name": "src",
			"path": "src",
			"sourceTree": "<group>"
		},
		"72D8BAF9-9ADF-4D8F-9632-B9CB5C8B967B": {
			"fileRef": "E6F5FA30-F428-429D-8DB7-CA849C4BC4FE",
			"isa": "PBXBuildFile"
		},
		"758627E1-49E2-4F9A-A227-9F83CC4BFB48": {
			"fileEncoding": "4",
			"isa": "PBXFileReference",
			"lastKnownFileType": "sourcecode.cpp.h",
			"name": "ofxLabel.h",
			"sourceTree": "<group>"
		},
		"78D3855D-876C-485A-A422-4171067A26F3": {
			"children": [
				"720986DD-A658-4344-B01C-2931A32182F7"
			],
			"isa": "PBXGroup",
			"name": "ofxFFmpegRecorder",
			"path": "ofxFFmpegRecorder",
			"sourceTree": "<group>"
		},
		"7B0FF61E-9728-4B67-9391-B8B45CD84862": {
			"fileRef": "094C7450-232E-4487-9454-24554D5C4FC1",
			"isa": "PBXBuildFile"
		},
		"7DE09F96-202B-4D53-8DFA-6540326A85FD": {
			"fileEncoding": "4",
			"isa": "PBXFileReference",
			"lastKnownFileType": "sourcecode.cpp.h",
			"name": "ofxInputField.h",
			"sourceTree": "<group>"
		},
		"838EB358-272F-433D-AEBB-29B3B853B9BE": {
			"fileEncoding": "4",
			"isa": "PBXFileReference",
			"lastKnownFileType": "sourcecode.cpp.h",
			"name": "ofxToggle.h",
			"sourceTree": "<group>"
		},
		"9332C3CA-0305-447F-8C6D-8DEAF53F3DFC": {
			"fileRef": "1AC1C28C-3371-48AB-AA83-58054FAAD1E9",
			"isa": "PBXBuildFile"
		},
		"963D57E0-34CD-42ED-877D-B76201019694": {
			"fileEncoding": "4",
			"isa": "PBXFileReference",
			"lastKnownFileType": "sourcecode.cpp.h",
			"name": "ofxBaseGui.h",
			"sourceTree": "<group>"
		},
		"96E089EC-5EE9-4EA1-9D81-18F154E1C572": {
			"fileEncoding": "4",
			"isa": "PBXFileReference",
			"lastKnownFileType": "sourcecode.cpp.cpp",
			"name": "ofxPanel.cpp",
			"sourceTree": "<group>"
		},
		"9BBC1754-DB64-406E-A628-7C7F6CD7C864": {
			"fileRef": "0E20F601-935F-4A54-AD6C-8FE397CC8204",
			"isa": "PBXBuildFile"
		},
		"9D50117C-208E-4292-B462-FE584240DAB3": {
			"fileEncoding": "4",
			"isa": "PBXFileReference",
			"lastKnownFileType": "sourcecode.cpp.cpp",
			"name": "ofxSliderGroup.cpp",
			"sourceTree": "<group>"
		},
		"A4D22FE5-090F-4F30-8FB7-496913E15D1F": {
			"fileRef": "66961331-AC02-4EE5-BF4A-6A428BE26474",
			"isa": "PBXBuildFile"
		},
		"AEC38EF1-2973-473E-AFC2-75C8F14117E6": {
			"fileRef": "3470DC5F-4572-4125-9B71-6212FE340D3B",
			"isa": "PBXBuildFile"
		},
		"BB4B014C10F69532006C3DED": {
			"children": [
				"78D3855D-876C-485A-A422-4171067A26F3",
				"E1303AA8-9B6A-40FD-B7E2-DA6526EBBADB"
			],
			"isa": "PBXGroup",
			"name": "addons",
			"path": "../../../addons",
			"sourceTree": "SOURCE_ROOT"
		},
		"C5495115-986B-4497-B0E2-901AFE875D81": {
			"fileRef": "96E089EC-5EE9-4EA1-9D81-18F154E1C572",
			"isa": "PBXBuildFile"
		},
		"C97FB747-9FFA-4134-9CBD-B0A974722286": {
			"fileEncoding": "4",
			"isa": "PBXFileReference",
			"lastKnownFileType": "folder",
			"name": "data",
			"path": "bin/data",
			"sourceTree": "SOURCE_ROOT"
		},
		"D32B5786-A1FA-4505-B1AC-EF4C887DA1E8": {
			"fileEncoding": "4",
			"isa": "PBXFileReference",
			"lastKnownFileType": "sourcecode.cpp.cpp",
			"name": "ofxInputField.cpp",
			"sourceTree": "<group>"
		},
		"D4883CB6-6D5F-4011-90AA-27BE7CE84144": {
			"fileEncoding": "4",
			"isa": "PBXFileReference",
			"lastKnownFileType": "sourcecode.cpp.cpp",
			"name": "ofxLabel.cpp",
			"sourceTree": "<group>"
		},
		"D7D3F74F-745A-419A-8A3D-3F525FC298C8": {
			"fileEncoding": "4",
			"isa": "PBXFileReference",
			"lastKnownFileType": "sourcecode.cpp.h",
			"name": "ofxColorPicker.h",
			"sourceTree": "<group>"
		},
		"DD6AD86A-7A45-455C-9B8D-5B9AAEC50A50": {
			"fileEncoding": "4",
			"isa": "PBXFileReference",
			"lastKnownFileType": "sourcecode.cpp.cpp",
			"name": "ofxFFmpegRecorder.cpp",
			"sourceTree": "<group>"
		},
		"E1303AA8-9B6A-40FD-B7E2-DA6526EBBADB": {
			"children": [
				"363E8A52-33DF-42DB-9DEC-A599E9728FB4"
			],
			"isa": "PBXGroup",
			"name": "ofxGui",
			"path": "ofxGui",
			"sourceTree": "<group>"
		},
		"E3EFEB8D-F33F-4154-9096-79CA5DFA56A4": {
			"fileEncoding": "4",
			"isa": "PBXFileReference",
			"lastKnownFileType": "sourcecode.cpp.h",
			"name": "ofxButton.h",
			"sourceTree": "<group>"
		},
		"E42962A92163ECCD00A6A9E2": {
			"alwaysOutOfDate": "1",
			"buildActionMask": "2147483647",
			"files": [],
			"inputPaths": [],
			"isa": "PBXShellScriptBuildPhase",
			"name": "Run Script — Compile OF",
			"outputPaths": [],
			"runOnlyForDeploymentPostprocessing": "0",
			"shellPath": "/bin/sh",
			"shellScript": "$OF_CORE_BUILD_COMMAND\n",
			"showEnvVarsInLog": "0"
		},
		"E4A5B60F29BAAAE400C2D356": {
			"buildActionMask": "2147483647",
			"dstPath": "",
			"dstSubfolderSpec": "6",
			"files": [],
			"isa": "PBXCopyFilesBuildPhase",
			"runOnlyForDeploymentPostprocessing": "0"
		},
		"E4B69B4A0A3A1720003C02F2": {
			"children": [
				"191CD6FA2847E21E0085CBB6",
				"E4B6FCAD0C3E899E008CF71C",
				"E4EB6923138AFD0F00A09F29",
				"E4B69E1C0A3A1BDC003C02F2",
				"191EF70929D778A400F35F26",
				"BB4B014C10F69532006C3DED",
				"E4B69B5B0A3A1756003C02F2",
				"C97FB747-9FFA-4134-9CBD-B0A974722286"
			],
			"isa": "PBXGroup",
			"sourceTree": "<group>"
		},
		"E4B69B4C0A3A1720003C02F2": {
			"attributes": {
				"BuildIndependentTargetsInParallel": "YES",
				"LastUpgradeCheck": "1540"
			},
			"buildConfigurationList": "E4B69B4D0A3A1720003C02F2",
			"compatibilityVersion": "Xcode 3.2",
			"developmentRegion": "en",
			"hasScannedForEncodings": "0",
			"isa": "PBXProject",
			"knownRegions": [
				"en",
				"Base"
			],
			"mainGroup": "E4B69B4A0A3A1720003C02F2",
			"productRefGroup": "E4B69B4A0A3A1720003C02F2",
			"projectDirPath": "",
			"projectRoot": "",
			"targets": [
				"E4B69B5A0A3A1756003C02F2"
			]
		},
		"E4B69B4D0A3A1720003C02F2": {
			"buildConfigurations": [
				"E4B69B4E0A3A1720003C02F2",
				"E4B69B4F0A3A1720003C02F2"
			],
			"defaultConfigurationIsVisible": "0",
			"defaultConfigurationName": "Release",
			"isa": "XCConfigurationList"
		},
		"E4B69B4E0A3A1720003C02F2": {
			"baseConfigurationReference": "E4EB6923138AFD0F00A09F29",
			"buildSettings": {
				"CODE_SIGN_ENTITLEMENTS": "of.entitlements",
				"COPY_PHASE_STRIP": "NO",
				"ENABLE_TESTABILITY": "YES",
				"GCC_OPTIMIZATION_LEVEL": "0",
				"GCC_WARN_UNUSED_VARIABLE": "NO",
				"HEADER_SEARCH_PATHS": [
					"$(OF_CORE_HEADERS)",
					"src"
				],
				"OTHER_CPLUSPLUSFLAGS": "-D__MACOSX_CORE__"
			},
			"isa": "XCBuildConfiguration",
			"name": "Debug"
		},
		"E4B69B4F0A3A1720003C02F2": {
			"baseConfigurationReference": "E4EB6923138AFD0F00A09F29",
			"buildSettings": {
				"CODE_SIGN_ENTITLEMENTS": "of.entitlements",
				"COPY_PHASE_STRIP": "YES",
				"GCC_OPTIMIZATION_LEVEL": "3",
				"GCC_UNROLL_LOOPS": "YES",
				"HEADER_SEARCH_PATHS": [
					"$(OF_CORE_HEADERS)",
					"src"
				],
				"OTHER_CPLUSPLUSFLAGS": "-D__MACOSX_CORE__"
			},
			"isa": "XCBuildConfiguration",
			"name": "Release"
		},
		"E4B69B580A3A1756003C02F2": {
			"buildActionMask": "2147483647",
			"files": [
				"E4B69E200A3A1BDC003C02F2",
				"E4B69E210A3A1BDC003C02F2",
				"A4D22FE5-090F-4F30-8FB7-496913E15D1F",
				"5D291838-0662-447A-8D6A-95B5AA33901A",
				"9332C3CA-0305-447F-8C6D-8DEAF53F3DFC",
				"7B0FF61E-9728-4B67-9391-B8B45CD84862",
				"9BBC1754-DB64-406E-A628-7C7F6CD7C864",
				"51EEC20E-A8C2-4514-965A-CB539879720C",
				"014D23C9-1DBD-47A9-B63A-64618CED5521",
				"40AFC4FF-646F-4BB7-B45F-E5C1AD8BD5BE",
				"C5495115-986B-4497-B0E2-901AFE875D81",
				"AEC38EF1-2973-473E-AFC2-75C8F14117E6",
				"677947CD-059E-484A-9EBF-22F909C65F6D",
				"72D8BAF9-9ADF-4D8F-9632-B9CB5C8B967B"
			],
			"isa": "PBXSourcesBuildPhase",
			"runOnlyForDeploymentPostprocessing": "0"
		},
		"E4B69B590A3A1756003C02F2": {
			"buildActionMask": "2147483647",
			"files": [],
			"isa": "PBXFrameworksBuildPhase",
			"runOnlyForDeploymentPostprocessing": "0"
		},
		"E4B69B5A0A3A1756003C02F2": {
			"buildConfigurationList": "E4B69B5F0A3A1757003C02F2",
			"buildPhases": [
				"E42962A92163ECCD00A6A9E2",
				"E4B69B580A3A1756003C02F2",
				"E4B69B590A3A1756003C02F2",
				"E4C2427710CC5ABF004149E2",
				"E4A5B60F29BAAAE400C2D356",
				"19B789C429E5AB4A0082E9B8"
			],
			"buildRules": [],
			"dependencies": [],
			"isa": "PBXNativeTarget",
			"name": "asciiVideo",
			"productName": "myOFApp",
			"productReference": "E4B69B5B0A3A1756003C02F2",
			"productType": "com.apple.product-type.application"
		},
		"E4B69B5B0A3A1756003C02F2": {
			"explicitFileType": "wrapper.application",
			"includeInIndex": "0",
			"isa": "PBXFileReference",
			"path": "asciiVideoDebug.app",
			"sourceTree": "BUILT_PRODUCTS_DIR"
		},
		"E4B69B5F0A3A1757003C02F2": {
			"buildConfigurations": [
				"E4B69B600A3A1757003C02F2",
				"E4B69B610A3A1757003C02F2"
			],
			"defaultConfigurationIsVisible": "0",
			"defaultConfigurationName": "Release",
			"isa": "XCConfigurationList"
		},
		"E4B69B600A3A1757003C02F2": {
			"baseConfigurationReference": "E4EB6923138AFD0F00A09F29",
			"buildSettings": {
				"ARCHS": "$(ARCHS_STANDARD)",
				"COPY_PHASE_STRIP": "NO",
				"FRAMEWORK_SEARCH_PATHS": "$(inherited)",
				"GCC_DYNAMIC_NO_PIC": "NO",
				"HEADER_SEARCH_PATHS": [
					"$(OF_CORE_HEADERS)",
					"src",
					"src",
					"../../../addons/ofxFFmpegRecorder/libs",
					"../../../addons/ofxFFmpegRecorder/libs/ffmpeg",
					"../../../addons/ofxFFmpegRecorder/libs/ffmpeg/lib",
					"../../../addons/ofxFFmpegRecorder/libs/ffmpeg/lib/osx",
					"../../../addons/ofxFFmpegRecorder/src",
					"../../../addons/ofxGui/src"
				],
				"LIBRARY_SEARCH_PATHS": "$(inherited)",
				"OTHER_LDFLAGS": [
					"$(OF_CORE_LIBS)",
					"$(OF_CORE_FRAMEWORKS)",
					"$(LIB_OF_DEBUG)"
				]
			},
			"isa": "XCBuildConfiguration",
			"name": "Debug"
		},
		"E4B69B610A3A1757003C02F2": {
			"baseConfigurationReference": "E4EB6923138AFD0F00A09F29",
			"buildSettings": {
				"ARCHS": "$(ARCHS_STANDARD)",
				"COPY_PHASE_STRIP": "YES",
				"FRAMEWORK_SEARCH_PATHS": "$(inherited)",
				"HEADER_SEARCH_PATHS": [
					"$(OF_CORE_HEADERS)",
					"src",
					"src",
					"../../../addons/ofxFFmpegRecorder/libs",
					"../../../addons/ofxFFmpegRecorder/libs/ffmpeg",
					"../../../addons/ofxFFmpegRecorder/libs/ffmpeg/lib",
					"../../../addons/ofxFFmpegRecorder/libs/ffmpeg/lib/osx",
					"../../../addons/ofxFFmpegRecorder/src",
					"../../../addons/ofxGui/src"
				],
				"LIBRARY_SEARCH_PATHS": "$(inherited)",
				"OTHER_LDFLAGS": [
					"$(OF_CORE_LIBS)",
					"$(OF_CORE_FRAMEWORKS)",
					"$(LIB_OF_RELEASE)"
				],
				"baseConfigurationReference": "E4EB6923138AFD0F00A09F29"
			},
			"isa": "XCBuildConfiguration",
			"name": "Release"
		},
		"E4B69E1C0A3A1BDC003C02F2": {
			"children": [
				"E4B69E1D0A3A1BDC003C02F2",
				"E4B69E1E0A3A1BDC003C02F2",
				"E4B69E1F0A3A1BDC003C02F2",
				"3614B955-08F9-4CF0-98B0-FA6384BD5C68",
				"66961331-AC02-4EE5-BF4A-6A428BE26474"
			],
			"isa": "PBXGroup",
			"path": "src",
			"sourceTree": "SOURCE_ROOT"
		},
		"E4B69E1D0A3A1BDC003C02F2": {
			"fileEncoding": "4",
			"isa": "PBXFileReference",
			"lastKnownFileType": "sourcecode.cpp.cpp",
			"name": "main.cpp",
			"path": "src/main.cpp",
			"sourceTree": "SOURCE_ROOT"
		},
		"E4B69E1E0A3A1BDC003C02F2": {
			"explicitFileType": "sourcecode.cpp.cpp",
			"fileEncoding": "4",
			"isa": "PBXFileReference",
			"name": "ofApp.cpp",
			"path": "src/ofApp.cpp",
			"sourceTree": "SOURCE_ROOT"
		},
		"E4B69E1F0A3A1BDC003C02F2": {
			"fileEncoding": "4",
			"isa": "PBXFileReference",
			"lastKnownFileType": "sourcecode.c.h",
			"name": "ofApp.h",
			"path": "src/ofApp.h",
			"sourceTree": "SOURCE_ROOT"
		},
		"E4B69E200A3A1BDC003C02F2": {
			"fileRef": "E4B69E1D0A3A1BDC003C02F2",
			"isa": "PBXBuildFile"
		},
		"E4B69E210A3A1BDC003C02F2": {
			"fileRef": "E4B69E1E0A3A1BDC003C02F2",
			"isa": "PBXBuildFile"
		},
		"E4B6FCAD0C3E899E008CF71C": {
			"fileEncoding": "4",
			"isa": "PBXFileReference",
			"lastKnownFileType": "text.plist.xml",
			"path": "openFrameworks-Info.plist",
			"sourceTree": "<group>"
		},
		"E4C2427710CC5ABF004149E2": {
			"buildActionMask": "2147483647",
			"dstPath": "",
			"dstSubfolderSpec": "10",
			"files": [],
			"isa": "PBXCopyFilesBuildPhase",
			"runOnlyForDeploymentPostprocessing": "0"
		},
		"E4EB6923138AFD0F00A09F29": {
			"fileEncoding": "4",
			"isa": "PBXFileReference",
			"lastKnownFileType": "text.xcconfig",
			"path": "Project.xcconfig",
			"sourceTree": "<group>"
		},
		"E6F5FA30-F428-429D-8DB7-CA849C4BC4FE": {
			"fileEncoding": "4",
			"isa": "PBXFileReference",
			"lastKnownFileType": "sourcecode.cpp.cpp",
			"name": "ofxToggle.cpp",
			"sourceTree": "<group>"
		},
		"F2784ABE-14D7-41D5-BEFB-0040BEB88C6F": {
			"fileEncoding": "4",
			"isa": "PBXFileReference",
			"lastKnownFileType": "sourcecode.cpp.h",
			"name": "ofxGui.h",
			"sourceTree": "<group>"
		},
		"F879E166-E4C2-49DB-ACB0-D263CF7D6B03": {
			"fileEncoding": "4",
			"isa": "PBXFileReference",
			"lastKnownFileType": "sourcecode.cpp.h",
			"name": "ofxGuiUtils.h",
			"sourceTree": "<group>"
		}
	},
	"rootObject": "E4B69B4C0A3A1720003C02F2"
}